github.com/NageshJ2014/wilddog v0.0.0-20250120045245-5c1176954187 h1:f2jjsLcIxjYrdjrd/B+xglC6xytdF/WM55m1MECPItg=
github.com/NageshJ2014/wilddog v0.0.0-20250120045245-5c1176954187/go.mod h1:YLNmcci+TL2saSd2LkhcNY3Sui6SiOG9e662vSue+Hc=
github.com/NageshJ2014/wilddog v0.0.0-20250120062610-317b2e01acfb h1:2rKsYjcg7EJ2OfBawov+QtY/MbqyTQCw7CPidq86zNg=
github.com/NageshJ2014/wilddog v0.0.0-20250120062610-317b2e01acfb/go.mod h1:YLNmcci+TL2saSd2LkhcNY3Sui6SiOG9e662vSue+Hc=
